
Microsoft Visual Studio Solution File, Format Version 12.00
Project("{FAE04EC0-301F-11D3-BF4B-00C04F79EFBC}") = "02UnderstandingTypes", "02UnderstandingTypes\02UnderstandingTypes.csproj", "{5715D4D9-96AB-4E3E-9EAA-B7EE43C6A543}"
EndProject
Project("{FAE04EC0-301F-11D3-BF4B-00C04F79EFBC}") = "Question2Century", "Question2Century\Question2Century.csproj", "{6957E1F3-EDEA-49C2-8561-6E4EF0535224}"
EndProject
Project("{FAE04EC0-301F-11D3-BF4B-00C04F79EFBC}") = "PrintPyramid", "PrintPyramid\PrintPyramid.csproj", "{AC70919C-5658-42AF-8CCE-4286D362E996}"
EndProject
Project("{FAE04EC0-301F-11D3-BF4B-00C04F79EFBC}") = "GuessNumber", "GuessNumber\GuessNumber.csproj", "{999BE58D-FA00-4F29-BF3C-CE4367C24047}"
EndProject
Project("{FAE04EC0-301F-11D3-BF4B-00C04F79EFBC}") = "Birthday", "Birthday\Birthday.csproj", "{3FAFD9AA-984B-4747-B00D-6C79AB0B0C33}"
EndProject
Project("{FAE04EC0-301F-11D3-BF4B-00C04F79EFBC}") = "Greetings", "Greetings\Greetings.csproj", "{AA844370-9AF7-44BF-A8EA-25B57BC82AB4}"
EndProject
Global
	GlobalSection(SolutionConfigurationPlatforms) = preSolution
		Debug|Any CPU = Debug|Any CPU
		Release|Any CPU = Release|Any CPU
	EndGlobalSection
	GlobalSection(ProjectConfigurationPlatforms) = postSolution
		{5715D4D9-96AB-4E3E-9EAA-B7EE43C6A543}.Debug|Any CPU.ActiveCfg = Debug|Any CPU
		{5715D4D9-96AB-4E3E-9EAA-B7EE43C6A543}.Debug|Any CPU.Build.0 = Debug|Any CPU
		{5715D4D9-96AB-4E3E-9EAA-B7EE43C6A543}.Release|Any CPU.ActiveCfg = Release|Any CPU
		{5715D4D9-96AB-4E3E-9EAA-B7EE43C6A543}.Release|Any CPU.Build.0 = Release|Any CPU
		{6957E1F3-EDEA-49C2-8561-6E4EF0535224}.Debug|Any CPU.ActiveCfg = Debug|Any CPU
		{6957E1F3-EDEA-49C2-8561-6E4EF0535224}.Debug|Any CPU.Build.0 = Debug|Any CPU
		{6957E1F3-EDEA-49C2-8561-6E4EF0535224}.Release|Any CPU.ActiveCfg = Release|Any CPU
		{6957E1F3-EDEA-49C2-8561-6E4EF0535224}.Release|Any CPU.Build.0 = Release|Any CPU
		{AC70919C-5658-42AF-8CCE-4286D362E996}.Debug|Any CPU.ActiveCfg = Debug|Any CPU
		{AC70919C-5658-42AF-8CCE-4286D362E996}.Debug|Any CPU.Build.0 = Debug|Any CPU
		{AC70919C-5658-42AF-8CCE-4286D362E996}.Release|Any CPU.ActiveCfg = Release|Any CPU
		{AC70919C-5658-42AF-8CCE-4286D362E996}.Release|Any CPU.Build.0 = Release|Any CPU
		{999BE58D-FA00-4F29-BF3C-CE4367C24047}.Debug|Any CPU.ActiveCfg = Debug|Any CPU
		{999BE58D-FA00-4F29-BF3C-CE4367C24047}.Debug|Any CPU.Build.0 = Debug|Any CPU
		{999BE58D-FA00-4F29-BF3C-CE4367C24047}.Release|Any CPU.ActiveCfg = Release|Any CPU
		{999BE58D-FA00-4F29-BF3C-CE4367C24047}.Release|Any CPU.Build.0 = Release|Any CPU
		{3FAFD9AA-984B-4747-B00D-6C79AB0B0C33}.Debug|Any CPU.ActiveCfg = Debug|Any CPU
		{3FAFD9AA-984B-4747-B00D-6C79AB0B0C33}.Debug|Any CPU.Build.0 = Debug|Any CPU
		{3FAFD9AA-984B-4747-B00D-6C79AB0B0C33}.Release|Any CPU.ActiveCfg = Release|Any CPU
		{3FAFD9AA-984B-4747-B00D-6C79AB0B0C33}.Release|Any CPU.Build.0 = Release|Any CPU
		{AA844370-9AF7-44BF-A8EA-25B57BC82AB4}.Debug|Any CPU.ActiveCfg = Debug|Any CPU
		{AA844370-9AF7-44BF-A8EA-25B57BC82AB4}.Debug|Any CPU.Build.0 = Debug|Any CPU
		{AA844370-9AF7-44BF-A8EA-25B57BC82AB4}.Release|Any CPU.ActiveCfg = Release|Any CPU
		{AA844370-9AF7-44BF-A8EA-25B57BC82AB4}.Release|Any CPU.Build.0 = Release|Any CPU
	EndGlobalSection
EndGlobal
